{
  "name": "react-blog",
  "version": "1.0.0",
  "lockfileVersion": 3,
  "requires": true,
  "packages": {
    "": {
      "name": "react-blog",
      "version": "1.0.0",
      "license": "ISC",
      "workspaces": [
        "packages/back-end",
        "packages/react-admin",
        "packages/react-user"
      ]
    },
    "node_modules/@React-Blog/back-end": {
      "resolved": "packages/back-end",
      "link": true
    },
    "node_modules/@React-Blog/react-admin": {
      "resolved": "packages/react-admin",
      "link": true
    },
    "node_modules/@React-Blog/react-user": {
      "resolved": "packages/react-user",
      "link": true
    },
    "packages/back-end": {
      "name": "@React-Blog/back-end",
      "version": "1.0.0",
      "license": "ISC"
    },
    "packages/core": {
      "name": "@React-Blog/core",
      "version": "1.0.0",
      "extraneous": true,
      "license": "ISC"
    },
    "packages/react-admin": {
      "name": "@React-Blog/react-admin",
      "version": "1.0.0",
      "license": "ISC",
      "devDependencies": {}
    },
    "packages/react-user": {
      "name": "@React-Blog/react-user",
      "version": "1.0.0",
      "license": "ISC",
      "devDependencies": {}
    }
  }
}
